Microsoft Visual Studio Solution File, Format Version 12.00
# Visual Studio Version 17
VisualStudioVersion = 17.5.002.0
MinimumVisualStudioVersion = 10.0.40219.1
Project("{FAE04EC0-301F-11D3-BF4B-00C04F79EFBC}") = "TaskManagerAPI", "TaskManagerAPI.csproj", "{B4BEF044-C628-4CD8-BF05-D9E1D5855742}"
EndProject
Global
	GlobalSection(SolutionConfigurationPlatforms) = preSolution
		Debug|Any CPU = Debug|Any CPU
		Release|Any CPU = Release|Any CPU
	EndGlobalSection
	GlobalSection(ProjectConfigurationPlatforms) = postSolution
		{4743F9B4-4841-4870-8EA5-6AC5C09CA85F}.Debug|Any CPU.ActiveCfg = Debug|Any CPU
		{4743F9B4-4841-4870-8EA5-6AC5C09CA85F}.Release|Any CPU.ActiveCfg = Release|Any CPU
		{237F52F5-431C-471E-A520-A82414F47CB8}.Debug|Any CPU.ActiveCfg = Debug|Any CPU
		{237F52F5-431C-471E-A520-A82414F47CB8}.Debug|Any CPU.Build.0 = Debug|Any CPU
		{237F52F5-431C-471E-A520-A82414F47CB8}.Release|Any CPU.ActiveCfg = Release|Any CPU
		{237F52F5-431C-471E-A520-A82414F47CB8}.Release|Any CPU.Build.0 = Release|Any CPU
		{B4BEF044-C628-4CD8-BF05-D9E1D5855742}.Debug|Any CPU.ActiveCfg = Debug|Any CPU
		{B4BEF044-C628-4CD8-BF05-D9E1D5855742}.Debug|Any CPU.Build.0 = Debug|Any CPU
		{B4BEF044-C628-4CD8-BF05-D9E1D5855742}.Release|Any CPU.ActiveCfg = Release|Any CPU
		{B4BEF044-C628-4CD8-BF05-D9E1D5855742}.Release|Any CPU.Build.0 = Release|Any CPU
	EndGlobalSection
	GlobalSection(SolutionProperties) = preSolution
		HideSolutionNode = FALSE
	EndGlobalSection
	GlobalSection(ExtensibilityGlobals) = postSolution
		SolutionGuid = {4FAC2F0E-512C-47C4-92C6-961C91F2AC6C}
	EndGlobalSection
EndGlobal
